{
  "name": "lista-de-filmes",
  "version": "0.0.0",
  "lockfileVersion": 1,
  "requires": true,
  "dependencies": {
    "@angular/animations": {
      "version": "8.2.14",
      "resolved": "https://registry.npmjs.org/@angular/animations/-/animations-8.2.14.tgz",
      "integrity": "sha512-3Vc9TnNpKdtvKIXcWDFINSsnwgEMiDmLzjceWg1iYKwpeZGQahUXPoesLwQazBMmxJzQiA4HOMj0TTXKZ+Jzkg==",
      "requires": {
        "tslib": "^1.9.0"
      }
    },
    "@angular/cdk": {
      "version": "8.2.3",
      "resolved": "https://registry.npmjs.org/@angular/cdk/-/cdk-8.2.3.tgz",
      "integrity": "sha512-ZwO5Sn720RA2YvBqud0JAHkZXjmjxM0yNzCO8RVtRE9i8Gl26Wk0j0nQeJkVm4zwv2QO8MwbKUKGTMt8evsokA==",
      "requires": {
        "parse5": "^5.0.0",
        "tslib": "^1.7.1"
      },
      "dependencies": {
        "parse5": {
          "version": "5.1.1",
          "resolved": "https://registry.npmjs.org/parse5/-/parse5-5.1.1.tgz",
          "integrity": "sha512-ugq4DFI0Ptb+WWjAdOK16+u/nHfiIrcE+sh8kZMaM0WllQKLI9rOUq6c2b7cwPkXdzfQESqvoqK6ug7U/Yyzug==",
          "optional": true
        }
      }
    },
    "@angular/common": {
      "version": "8.2.14",
      "resolved": "https://registry.npmjs.org/@angular/common/-/common-8.2.14.tgz",
      "integrity": "sha512-Qmt+aX2quUW54kaNT7QH7WGXnFxr/cC2C6sf5SW5SdkZfDQSiz8IaItvieZfXVQUbBOQKFRJ7TlSkt0jI/yjvw==",
      "requires": {
        "tslib": "^1.9.0"
      }
    },
    "@angular/compiler": {
      "version": "8.2.14",
      "resolved": "https://registry.npmjs.org/@angular/compiler/-/compiler-8.2.14.tgz",
      "integrity": "sha512-ABZO4E7eeFA1QyJ2trDezxeQM5ZFa1dXw1Mpl/+1vuXDKNjJgNyWYwKp/NwRkLmrsuV0yv4UDCDe4kJOGbPKnw==",
      "requires": {
        "tslib": "^1.9.0"
      }
    },
    "@angular/core": {
      "version": "8.2.14",
      "resolved": "https://registry.npmjs.org/@angular/core/-/core-8.2.14.tgz",
      "integrity": "sha512-zeePkigi+hPh3rN7yoNENG/YUBUsIvUXdxx+AZq+QPaFeKEA2FBSrKn36ojHFrdJUjKzl0lPMEiGC2b6a6bo6g==",
      "requires": {
        "tslib": "^1.9.0"
      }
    },
    "@angular/forms": {
      "version": "8.2.14",
      "resolved": "https://registry.npmjs.org/@angular/forms/-/forms-8.2.14.tgz",
      "integrity": "sha512-zhyKL3CFIqcyHJ/TQF/h1OZztK611a6rxuPHCrt/5Sn1SuBTJJQ1pPTkOYIDy6IrCrtyANc8qB6P17Mao71DNQ==",
      "requires": {
        "tslib": "^1.9.0"
      }
    },
    "@angular/material": {
      "version": "8.2.3",
      "resolved": "https://registry.npmjs.org/@angular/material/-/material-8.2.3.tgz",
      "integrity": "sha512-SOczkIaqes+r+9XF/UUiokidfFKBpHkOPIaFK857sFD0FBNPvPEpOr5oHKCG3feERRwAFqHS7Wo2ohVEWypb5A==",
      "requires": {
        "tslib": "^1.7.1"
      }
    },
    "@angular/platform-browser": {
      "version": "8.2.14",
      "resolved": "https://registry.npmjs.org/@angular/platform-browser/-/platform-browser-8.2.14.tgz",
      "integrity": "sha512-MtJptptyKzsE37JZ2VB/tI4cvMrdAH+cT9pMBYZd66YSZfKjIj5s+AZo7z8ncoskQSB1o3HMfDjSK7QXGx1mLQ==",
      "requires": {
        "tslib": "^1.9.0"
      }
    },
    "@angular/platform-browser-dynamic": {
      "version": "8.2.14",
      "resolved": "https://registry.npmjs.org/@angular/platform-browser-dynamic/-/platform-browser-dynamic-8.2.14.tgz",
      "integrity": "sha512-mO2JPR5kLU/A3AQngy9+R/Q5gaF9csMStBQjwsCRI0wNtlItOIGL6+wTYpiTuh/ux+WVN1F2sLcEYU4Zf1ud9A==",
      "requires": {
        "tslib": "^1.9.0"
      }
    },
    "@angular/router": {
      "version": "8.2.14",
      "resolved": "https://registry.npmjs.org/@angular/router/-/router-8.2.14.tgz",
      "integrity": "sha512-DHA2BhODqV7F0g6ZKgFaZgbsqzHHWRcfWchCOrOVKu2rYiKUTwwHVLBgZAhrpNeinq2pWanVYSIhMr7wy+LfEA==",
      "requires": {
        "tslib": "^1.9.0"
      }
    },
    "@ngrx/effects": {
      "version": "8.6.0",
      "resolved": "https://registry.npmjs.org/@ngrx/effects/-/effects-8.6.0.tgz",
      "integrity": "sha512-JdyJLQbv/wnE0ZPY9DcDOtF9PzJuzsKWmIWgIGunHF18wdjk5O8Zpkcrxq18wDRL6geg5UTtNJRMvTQhpDbzow=="
    },
    "@ngrx/entity": {
      "version": "8.6.0",
      "resolved": "https://registry.npmjs.org/@ngrx/entity/-/entity-8.6.0.tgz",
      "integrity": "sha512-Qq+ANgsHd2/i7gam1j05hxA8kPWQyf5ewtCLlbtMJI/qLmvA6ruSE8PYNNwrt90wm4BWdks2zKE5ERzvPzto0w=="
    },
    "@ngrx/schematics": {
      "version": "8.6.0",
      "resolved": "https://registry.npmjs.org/@ngrx/schematics/-/schematics-8.6.0.tgz",
      "integrity": "sha512-d28FVsLWFJYxpMFnqzWvdbFSSPNlLUIezd0c4zlyf4CyNS/C8aw6Lio9xjOJHhgZuHvFuO9GwRrYV/GaS6wC7A=="
    },
    "@ngrx/store": {
      "version": "8.6.0",
      "resolved": "https://registry.npmjs.org/@ngrx/store/-/store-8.6.0.tgz",
      "integrity": "sha512-K4cvCEa+5hw9qrETQWO+Cha3YbVCAT8yaIKJr/N35KntTL9mQMjoL+51JWLZfBwPV0e19CFgJIyrBnVUTxwr2A=="
    },
    "@scarf/scarf": {
      "version": "0.1.5",
      "resolved": "https://registry.npmjs.org/@scarf/scarf/-/scarf-0.1.5.tgz",
      "integrity": "sha512-Fx6atDc7JM1r0WkPCDhNetVZNp+DO21q/HGlomAKBG+k8vb1B8fg8Yige4oCf1P9OWTZWm5tM5i3jlXhrSbNOg=="
    },
    "core-js": {
      "version": "3.6.5",
      "resolved": "https://registry.npmjs.org/core-js/-/core-js-3.6.5.tgz",
      "integrity": "sha512-vZVEEwZoIsI+vPEuoF9Iqf5H7/M3eeQqWlQnYa8FSKKePuYTf5MWnxb5SDAzCa60b3JBRS5g9b+Dq7b1y/RCrA=="
    },
    "hammerjs": {
      "version": "2.0.8",
      "resolved": "https://registry.npmjs.org/hammerjs/-/hammerjs-2.0.8.tgz",
      "integrity": "sha1-BO93hiz/K7edMPdpIJWTAiK/YPE="
    },
    "ngx-infinite-scroll": {
      "version": "8.0.2",
      "resolved": "https://registry.npmjs.org/ngx-infinite-scroll/-/ngx-infinite-scroll-8.0.2.tgz",
      "integrity": "sha512-+r748h8CAs0AZQXQw4eIE0bBH2xF+kBcqhJ/q3VG4f6p0qH+4XyhUlPkm3UGMke2Xe00V+RuWbolqmP7DoOGdw==",
      "requires": {
        "@scarf/scarf": "0.1.5",
        "opencollective-postinstall": "^2.0.2"
      }
    },
    "opencollective-postinstall": {
      "version": "2.0.3",
      "resolved": "https://registry.npmjs.org/opencollective-postinstall/-/opencollective-postinstall-2.0.3.tgz",
      "integrity": "sha512-8AV/sCtuzUeTo8gQK5qDZzARrulB3egtLzFgteqB2tcT4Mw7B8Kt7JcDHmltjz6FOAHsvTevk70gZEbhM4ZS9Q=="
    },
    "rxjs": {
      "version": "6.6.3",
      "resolved": "https://registry.npmjs.org/rxjs/-/rxjs-6.6.3.tgz",
      "integrity": "sha512-trsQc+xYYXZ3urjOiJOuCOa5N3jAZ3eiSpQB5hIT8zGlL2QfnHLJ2r7GMkBGuIausdJN1OneaI6gQlsqNHHmZQ==",
      "requires": {
        "tslib": "^1.9.0"
      },
      "dependencies": {
        "tslib": {
          "version": "1.14.1",
          "resolved": "https://registry.npmjs.org/tslib/-/tslib-1.14.1.tgz",
          "integrity": "sha512-Xni35NKzjgMrwevysHTCArtLDpPvye8zV/0E4EyYn43P7/7qvQwPh9BGkHewbMulVntbigmcT7rdX3BNo9wRJg=="
        }
      }
    },
    "tslib": {
      "version": "1.14.1",
      "resolved": "https://registry.npmjs.org/tslib/-/tslib-1.14.1.tgz",
      "integrity": "sha512-Xni35NKzjgMrwevysHTCArtLDpPvye8zV/0E4EyYn43P7/7qvQwPh9BGkHewbMulVntbigmcT7rdX3BNo9wRJg=="
    },
    "zone.js": {
      "version": "0.9.1",
      "resolved": "https://registry.npmjs.org/zone.js/-/zone.js-0.9.1.tgz",
      "integrity": "sha512-GkPiJL8jifSrKReKaTZ5jkhrMEgXbXYC+IPo1iquBjayRa0q86w3Dipjn8b415jpitMExe9lV8iTsv8tk3DGag=="
    }
  }
}
