# THIS IS AN AUTOGENERATED FILE. DO NOT EDIT THIS FILE DIRECTLY.
# yarn lockfile v1


"@angular/animations@^8.2.7":
  version "8.2.14"
  resolved "https://registry.yarnpkg.com/@angular/animations/-/animations-8.2.14.tgz#76736b21e56165e6ca4925fb69605bdcc56aba7d"
  integrity sha512-3Vc9TnNpKdtvKIXcWDFINSsnwgEMiDmLzjceWg1iYKwpeZGQahUXPoesLwQazBMmxJzQiA4HOMj0TTXKZ+Jzkg==
  dependencies:
    tslib "^1.9.0"

"@angular/cdk@^8.2.0":
  version "8.2.3"
  resolved "https://registry.yarnpkg.com/@angular/cdk/-/cdk-8.2.3.tgz#16b96ffa935cbf5a646757ecaf2b19c434678f72"
  integrity sha512-ZwO5Sn720RA2YvBqud0JAHkZXjmjxM0yNzCO8RVtRE9i8Gl26Wk0j0nQeJkVm4zwv2QO8MwbKUKGTMt8evsokA==
  dependencies:
    tslib "^1.7.1"
  optionalDependencies:
    parse5 "^5.0.0"

"@angular/common@^8.2.7":
  version "8.2.14"
  resolved "https://registry.yarnpkg.com/@angular/common/-/common-8.2.14.tgz#027e52b2951c14082d6e3af1a4ffa1356220e439"
  integrity sha512-Qmt+aX2quUW54kaNT7QH7WGXnFxr/cC2C6sf5SW5SdkZfDQSiz8IaItvieZfXVQUbBOQKFRJ7TlSkt0jI/yjvw==
  dependencies:
    tslib "^1.9.0"

"@angular/compiler@^8.2.7":
  version "8.2.14"
  resolved "https://registry.yarnpkg.com/@angular/compiler/-/compiler-8.2.14.tgz#46db7a9d1c17f236126518ff26480c160d5a6183"
  integrity sha512-ABZO4E7eeFA1QyJ2trDezxeQM5ZFa1dXw1Mpl/+1vuXDKNjJgNyWYwKp/NwRkLmrsuV0yv4UDCDe4kJOGbPKnw==
  dependencies:
    tslib "^1.9.0"

"@angular/core@^8.2.7":
  version "8.2.14"
  resolved "https://registry.yarnpkg.com/@angular/core/-/core-8.2.14.tgz#35566f5b19480369229477e7e0e0fde740bd5204"
  integrity sha512-zeePkigi+hPh3rN7yoNENG/YUBUsIvUXdxx+AZq+QPaFeKEA2FBSrKn36ojHFrdJUjKzl0lPMEiGC2b6a6bo6g==
  dependencies:
    tslib "^1.9.0"

"@angular/forms@^8.2.7":
  version "8.2.14"
  resolved "https://registry.yarnpkg.com/@angular/forms/-/forms-8.2.14.tgz#7d357c346a3884881beb044c50ec4a09d3d7ee8e"
  integrity sha512-zhyKL3CFIqcyHJ/TQF/h1OZztK611a6rxuPHCrt/5Sn1SuBTJJQ1pPTkOYIDy6IrCrtyANc8qB6P17Mao71DNQ==
  dependencies:
    tslib "^1.9.0"

"@angular/material@^8.2.0":
  version "8.2.3"
  resolved "https://registry.yarnpkg.com/@angular/material/-/material-8.2.3.tgz#16543e4e06a3fde2651a25cfe126e88e714ae105"
  integrity sha512-SOczkIaqes+r+9XF/UUiokidfFKBpHkOPIaFK857sFD0FBNPvPEpOr5oHKCG3feERRwAFqHS7Wo2ohVEWypb5A==
  dependencies:
    tslib "^1.7.1"

"@angular/platform-browser-dynamic@^8.2.7":
  version "8.2.14"
  resolved "https://registry.yarnpkg.com/@angular/platform-browser-dynamic/-/platform-browser-dynamic-8.2.14.tgz#4439a79fe10ec45170e6940a28835e9ff0918950"
  integrity sha512-mO2JPR5kLU/A3AQngy9+R/Q5gaF9csMStBQjwsCRI0wNtlItOIGL6+wTYpiTuh/ux+WVN1F2sLcEYU4Zf1ud9A==
  dependencies:
    tslib "^1.9.0"

"@angular/platform-browser@^8.2.7":
  version "8.2.14"
  resolved "https://registry.yarnpkg.com/@angular/platform-browser/-/platform-browser-8.2.14.tgz#31f082e8ba977f9b89964d721c38cbc32ce0e433"
  integrity sha512-MtJptptyKzsE37JZ2VB/tI4cvMrdAH+cT9pMBYZd66YSZfKjIj5s+AZo7z8ncoskQSB1o3HMfDjSK7QXGx1mLQ==
  dependencies:
    tslib "^1.9.0"

"@angular/router@^8.2.7":
  version "8.2.14"
  resolved "https://registry.yarnpkg.com/@angular/router/-/router-8.2.14.tgz#5f9f9707710983c2143aead79dcd2da520ae3eb8"
  integrity sha512-DHA2BhODqV7F0g6ZKgFaZgbsqzHHWRcfWchCOrOVKu2rYiKUTwwHVLBgZAhrpNeinq2pWanVYSIhMr7wy+LfEA==
  dependencies:
    tslib "^1.9.0"

"@ngrx/effects@^8.3.0":
  version "8.6.0"
  resolved "https://registry.yarnpkg.com/@ngrx/effects/-/effects-8.6.0.tgz#a0d7339597a5128c5cf896ddcf93f73406a45860"
  integrity sha512-JdyJLQbv/wnE0ZPY9DcDOtF9PzJuzsKWmIWgIGunHF18wdjk5O8Zpkcrxq18wDRL6geg5UTtNJRMvTQhpDbzow==

"@ngrx/entity@^8.3.0":
  version "8.6.0"
  resolved "https://registry.yarnpkg.com/@ngrx/entity/-/entity-8.6.0.tgz#63e7875d0e83e552249b8b75bb9b6aba248cae2a"
  integrity sha512-Qq+ANgsHd2/i7gam1j05hxA8kPWQyf5ewtCLlbtMJI/qLmvA6ruSE8PYNNwrt90wm4BWdks2zKE5ERzvPzto0w==

"@ngrx/schematics@^8.5.2":
  version "8.6.0"
  resolved "https://registry.yarnpkg.com/@ngrx/schematics/-/schematics-8.6.0.tgz#5387c0abc438768e4cb56c0b617082e0db2f00d7"
  integrity sha512-d28FVsLWFJYxpMFnqzWvdbFSSPNlLUIezd0c4zlyf4CyNS/C8aw6Lio9xjOJHhgZuHvFuO9GwRrYV/GaS6wC7A==

"@ngrx/store@^8.3.0":
  version "8.6.0"
  resolved "https://registry.yarnpkg.com/@ngrx/store/-/store-8.6.0.tgz#8540c5bd40b33fc2f443e7e86f47c0d801b8f413"
  integrity sha512-K4cvCEa+5hw9qrETQWO+Cha3YbVCAT8yaIKJr/N35KntTL9mQMjoL+51JWLZfBwPV0e19CFgJIyrBnVUTxwr2A==

"@scarf/scarf@0.1.5":
  version "0.1.5"
  resolved "https://registry.yarnpkg.com/@scarf/scarf/-/scarf-0.1.5.tgz#fc4cc88294eca336eed9a91549180346de5e6946"
  integrity sha512-Fx6atDc7JM1r0WkPCDhNetVZNp+DO21q/HGlomAKBG+k8vb1B8fg8Yige4oCf1P9OWTZWm5tM5i3jlXhrSbNOg==

core-js@^3.2.1:
  version "3.7.0"
  resolved "https://registry.yarnpkg.com/core-js/-/core-js-3.7.0.tgz#b0a761a02488577afbf97179e4681bf49568520f"
  integrity sha512-NwS7fI5M5B85EwpWuIwJN4i/fbisQUwLwiSNUWeXlkAZ0sbBjLEvLvFLf1uzAUV66PcEPt4xCGCmOZSxVf3xzA==

hammerjs@^2.0.8:
  version "2.0.8"
  resolved "https://registry.yarnpkg.com/hammerjs/-/hammerjs-2.0.8.tgz#04ef77862cff2bb79d30f7692095930222bf60f1"
  integrity sha1-BO93hiz/K7edMPdpIJWTAiK/YPE=

ngx-infinite-scroll@^8.0.1:
  version "8.0.2"
  resolved "https://registry.yarnpkg.com/ngx-infinite-scroll/-/ngx-infinite-scroll-8.0.2.tgz#ab527962f179b00f7b57c37cc0c8aba1bf88b131"
  integrity sha512-+r748h8CAs0AZQXQw4eIE0bBH2xF+kBcqhJ/q3VG4f6p0qH+4XyhUlPkm3UGMke2Xe00V+RuWbolqmP7DoOGdw==
  dependencies:
    "@scarf/scarf" "0.1.5"
    opencollective-postinstall "^2.0.2"

opencollective-postinstall@^2.0.2:
  version "2.0.3"
  resolved "https://registry.yarnpkg.com/opencollective-postinstall/-/opencollective-postinstall-2.0.3.tgz#7a0fff978f6dbfa4d006238fbac98ed4198c3259"
  integrity sha512-8AV/sCtuzUeTo8gQK5qDZzARrulB3egtLzFgteqB2tcT4Mw7B8Kt7JcDHmltjz6FOAHsvTevk70gZEbhM4ZS9Q==

parse5@^5.0.0:
  version "5.1.1"
  resolved "https://registry.yarnpkg.com/parse5/-/parse5-5.1.1.tgz#f68e4e5ba1852ac2cadc00f4555fff6c2abb6178"
  integrity sha512-ugq4DFI0Ptb+WWjAdOK16+u/nHfiIrcE+sh8kZMaM0WllQKLI9rOUq6c2b7cwPkXdzfQESqvoqK6ug7U/Yyzug==

rxjs@^6.0.0:
  version "6.6.3"
  resolved "https://registry.yarnpkg.com/rxjs/-/rxjs-6.6.3.tgz#8ca84635c4daa900c0d3967a6ee7ac60271ee552"
  integrity sha512-trsQc+xYYXZ3urjOiJOuCOa5N3jAZ3eiSpQB5hIT8zGlL2QfnHLJ2r7GMkBGuIausdJN1OneaI6gQlsqNHHmZQ==
  dependencies:
    tslib "^1.9.0"

tslib@^1.10.0, tslib@^1.7.1, tslib@^1.9.0:
  version "1.14.1"
  resolved "https://registry.yarnpkg.com/tslib/-/tslib-1.14.1.tgz#cf2d38bdc34a134bcaf1091c41f6619e2f672d00"
  integrity sha512-Xni35NKzjgMrwevysHTCArtLDpPvye8zV/0E4EyYn43P7/7qvQwPh9BGkHewbMulVntbigmcT7rdX3BNo9wRJg==

zone.js@~0.9.1:
  version "0.9.1"
  resolved "https://registry.yarnpkg.com/zone.js/-/zone.js-0.9.1.tgz#e37c6e5c54c13fae4de26b5ffe8d8e9212da6d9b"
  integrity sha512-GkPiJL8jifSrKReKaTZ5jkhrMEgXbXYC+IPo1iquBjayRa0q86w3Dipjn8b415jpitMExe9lV8iTsv8tk3DGag==
